// !$*UTF8*$!
{
	archiveVersion = 1;
	classes = {
	};
	objectVersion = 90;
	objects = {

/* Begin PBXBuildFile section */
		10F824B3F6BEAFE091D0C7C3 /* TransitLegTests.swift in Sources */ = {isa = PBXBuildFile; fileRef = 4933819F991990D84AD311CA /* TransitLegTests.swift */; };
		5BD5B1DB4C42322390E0A84E /* GooglePolylineTests.swift in Sources */ = {isa = PBXBuildFile; fileRef = CA091BA917EBA4EA6C51067D /* GooglePolylineTests.swift */; };
		70F9851F00FCEE45AD2BA1DC /* HelpCryptoTests.swift in Sources */ = {isa = PBXBuildFile; fileRef = 69E5E4A2E264B692B6B789D0 /* HelpCryptoTests.swift */; };
		7D1C7BD12FEE8C0500302B3D /* Supabase in Frameworks */ = {isa = PBXBuildFile; productRef = 7D1C7BD02FEE8C0500302B3D /* Supabase */; };
		7D1C7BD32FEE8C1100302B3D /* Auth in Frameworks */ = {isa = PBXBuildFile; productRef = 7D1C7BD22FEE8C1100302B3D /* Auth */; };
		7D1C7BD52FEE8C1100302B3D /* Functions in Frameworks */ = {isa = PBXBuildFile; productRef = 7D1C7BD42FEE8C1100302B3D /* Functions */; };
		7D1C7BD72FEE8C1100302B3D /* PostgREST in Frameworks */ = {isa = PBXBuildFile; productRef = 7D1C7BD62FEE8C1100302B3D /* PostgREST */; };
		7D1C7BD92FEE8C1100302B3D /* Realtime in Frameworks */ = {isa = PBXBuildFile; productRef = 7D1C7BD82FEE8C1100302B3D /* Realtime */; };
		7D1C7BDB2FEE8C1100302B3D /* Storage in Frameworks */ = {isa = PBXBuildFile; productRef = 7D1C7BDA2FEE8C1100302B3D /* Storage */; };
		7D1D468E3023B5FD00E891DD /* TransitRoutingService.swift in Sources */ = {isa = PBXBuildFile; fileRef = 7D1D468D3023B5FD00E891DD /* TransitRoutingService.swift */; };
		7D1D46903024733D00E891DD /* AdminApplicationsView.swift in Sources */ = {isa = PBXBuildFile; fileRef = 7D1D468F3024733D00E891DD /* AdminApplicationsView.swift */; };
		7D1D46923024745A00E891DD /* AdminNotifier.swift in Sources */ = {isa = PBXBuildFile; fileRef = 7D1D46913024745A00E891DD /* AdminNotifier.swift */; };
		7D2B86E03018BCE70080E8A5 /* AvatarCropView.swift in Sources */ = {isa = PBXBuildFile; fileRef = 7D2B86DF3018BCE70080E8A5 /* AvatarCropView.swift */; };
		7D2B86E23018C30F0080E8A5 /* ContactPickerView.swift in Sources */ = {isa = PBXBuildFile; fileRef = 7D2B86E13018C30F0080E8A5 /* ContactPickerView.swift */; };
		7D42B9582FFEA4F50061EBC6 /* HelpRequestSetupView.swift in Sources */ = {isa = PBXBuildFile; fileRef = 7D42B9572FFEA4F50061EBC6 /* HelpRequestSetupView.swift */; };
		7D43554B302646C1005291B9 /* PasswordResetView.swift in Sources */ = {isa = PBXBuildFile; fileRef = 7D43554A302646C1005291B9 /* PasswordResetView.swift */; };
		7D43554D302649AB005291B9 /* PreLoginOnboardingView.swift in Sources */ = {isa = PBXBuildFile; fileRef = 7D43554C302649AB005291B9 /* PreLoginOnboardingView.swift */; };
		7D54920E2FF90FC5001A2E40 /* SavedPlacesService.swift in Sources */ = {isa = PBXBuildFile; fileRef = 7D54920D2FF90FC5001A2E40 /* SavedPlacesService.swift */; };
		7D9ADA20302292F1000E24D8 /* DiditSDK in Frameworks */ = {isa = PBXBuildFile; productRef = 7D9ADA1F302292F1000E24D8 /* DiditSDK */; };
		7D9ADA2930229D86000E24D8 /* AppDelegate.swift in Sources */ = {isa = PBXBuildFile; fileRef = 7D9ADA2830229D86000E24D8 /* AppDelegate.swift */; };
		7D9ADA2B30229D8D000E24D8 /* PushTokenService.swift in Sources */ = {isa = PBXBuildFile; fileRef = 7D9ADA2A30229D8D000E24D8 /* PushTokenService.swift */; };
		7DA506472FF1775B0066B1C2 /* WheelpApp.swift in Sources */ = {isa = PBXBuildFile; fileRef = 7DA506462FF1775B0066B1C2 /* WheelpApp.swift */; };
		7DA506492FF177640066B1C2 /* Theme.swift in Sources */ = {isa = PBXBuildFile; fileRef = 7DA506482FF177640066B1C2 /* Theme.swift */; };
		7DA5064B2FF177750066B1C2 /* AppState.swift in Sources */ = {isa = PBXBuildFile; fileRef = 7DA5064A2FF177750066B1C2 /* AppState.swift */; };
		7DA5064D2FF177790066B1C2 /* RootView.swift in Sources */ = {isa = PBXBuildFile; fileRef = 7DA5064C2FF177790066B1C2 /* RootView.swift */; };
		7DA5064F2FF177830066B1C2 /* LoginView.swift in Sources */ = {isa = PBXBuildFile; fileRef = 7DA5064E2FF177830066B1C2 /* LoginView.swift */; };
		7DA506512FF177970066B1C2 /* OnboardingFlowView.swift in Sources */ = {isa = PBXBuildFile; fileRef = 7DA506502FF177970066B1C2 /* OnboardingFlowView.swift */; };
		7DA506532FF177A60066B1C2 /* ConfiguringView.swift in Sources */ = {isa = PBXBuildFile; fileRef = 7DA506522FF177A60066B1C2 /* ConfiguringView.swift */; };
		7DA506552FF177AC0066B1C2 /* HomeView.swift in Sources */ = {isa = PBXBuildFile; fileRef = 7DA506542FF177AC0066B1C2 /* HomeView.swift */; };
		7DA5065B2FF179700066B1C2 /* SupabaseManager.swift in Sources */ = {isa = PBXBuildFile; fileRef = 7DA5065A2FF179700066B1C2 /* SupabaseManager.swift */; };
		7DA5065D2FF17C530066B1C2 /* AccessibilityProfile.swift in Sources */ = {isa = PBXBuildFile; fileRef = 7DA5065C2FF17C530066B1C2 /* AccessibilityProfile.swift */; };
		7DA5065F2FF17C590066B1C2 /* LocationManager.swift in Sources */ = {isa = PBXBuildFile; fileRef = 7DA5065E2FF17C590066B1C2 /* LocationManager.swift */; };
		7DA506612FF17C800066B1C2 /* MapHomeView.swift in Sources */ = {isa = PBXBuildFile; fileRef = 7DA506602FF17C800066B1C2 /* MapHomeView.swift */; };
		7DA506632FF17DB20066B1C2 /* DestinationAccessibility.swift in Sources */ = {isa = PBXBuildFile; fileRef = 7DA506622FF17DB20066B1C2 /* DestinationAccessibility.swift */; };
		7DA506652FF17E8E0066B1C2 /* SpeechAnnouncer.swift in Sources */ = {isa = PBXBuildFile; fileRef = 7DA506642FF17E8E0066B1C2 /* SpeechAnnouncer.swift */; };
		7DA506672FF17F560066B1C2 /* SettingsView.swift in Sources */ = {isa = PBXBuildFile; fileRef = 7DA506662FF17F560066B1C2 /* SettingsView.swift */; };
		7DA5066B2FF181260066B1C2 /* SpeechRecognizer.swift in Sources */ = {isa = PBXBuildFile; fileRef = 7DA5066A2FF181260066B1C2 /* SpeechRecognizer.swift */; };
		7DA5066D2FF181750066B1C2 /* VoiceHomeView.swift in Sources */ = {isa = PBXBuildFile; fileRef = 7DA5066C2FF181750066B1C2 /* VoiceHomeView.swift */; };
		7DAD65C0300636F200CBB79B /* HelpCrypto.swift in Sources */ = {isa = PBXBuildFile; fileRef = 7DAD65BF300636F200CBB79B /* HelpCrypto.swift */; };
		7DAD65C4300685DA00CBB79B /* MapHomeModel.swift in Sources */ = {isa = PBXBuildFile; fileRef = 7DAD65C3300685DA00CBB79B /* MapHomeModel.swift */; };
		7DAD65C63006860000CBB79B /* WalkingPaceService.swift in Sources */ = {isa = PBXBuildFile; fileRef = 7DAD65C53006860000CBB79B /* WalkingPaceService.swift */; };
		7DD3E14930196A900066E578 /* TermsView.swift in Sources */ = {isa = PBXBuildFile; fileRef = 7DD3E14830196A900066E578 /* TermsView.swift */; };
		7DD3E14B30196AD30066E578 /* HelperApplicationView.swift in Sources */ = {isa = PBXBuildFile; fileRef = 7DD3E14A30196AD30066E578 /* HelperApplicationView.swift */; };
		7DDD6C803024A1BE00E34CA0 /* HelpRequestNotifier.swift in Sources */ = {isa = PBXBuildFile; fileRef = 7DDD6C7F3024A1BE00E34CA0 /* HelpRequestNotifier.swift */; };
		7DE071F430002E2C0089CE1E /* RouteObstaclesService.swift in Sources */ = {isa = PBXBuildFile; fileRef = 7DE071F330002E2C0089CE1E /* RouteObstaclesService.swift */; };
		7DE071F6300032800089CE1E /* ChatNotifier.swift in Sources */ = {isa = PBXBuildFile; fileRef = 7DE071F5300032800089CE1E /* ChatNotifier.swift */; };
		7DE112092FF3A9E200AABB7A /* GooglePlacesAccessibilityService.swift in Sources */ = {isa = PBXBuildFile; fileRef = 7DE112082FF3A9E200AABB7A /* GooglePlacesAccessibilityService.swift */; };
		7DE8AFCB2FFCDE8D00611E32 /* NotificationService.swift in Sources */ = {isa = PBXBuildFile; fileRef = 7DE8AFCA2FFCDE8D00611E32 /* NotificationService.swift */; };
		7DE8AFCD2FFCDEF400611E32 /* HelpChatView.swift in Sources */ = {isa = PBXBuildFile; fileRef = 7DE8AFCC2FFCDEF400611E32 /* HelpChatView.swift */; };
		7DE8AFCF2FFCDFE700611E32 /* HelperService.swift in Sources */ = {isa = PBXBuildFile; fileRef = 7DE8AFCE2FFCDFE700611E32 /* HelperService.swift */; };
		7DE8AFD12FFCE00F00611E32 /* HelperRequestsView.swift in Sources */ = {isa = PBXBuildFile; fileRef = 7DE8AFD02FFCE00F00611E32 /* HelperRequestsView.swift */; };
		7DE8C35130078C7000080ED0 /* HelperRatingView.swift in Sources */ = {isa = PBXBuildFile; fileRef = 7DE8C35030078C7000080ED0 /* HelperRatingView.swift */; };
		7DE8C3533007EC7B00080ED0 /* SOSView.swift in Sources */ = {isa = PBXBuildFile; fileRef = 7DE8C3523007EC7B00080ED0 /* SOSView.swift */; };
		7DE8C3553007EE7C00080ED0 /* MeetingCodeView.swift in Sources */ = {isa = PBXBuildFile; fileRef = 7DE8C3543007EE7C00080ED0 /* MeetingCodeView.swift */; };
		7DE8C3573007EF4100080ED0 /* HelperAvatarView.swift in Sources */ = {isa = PBXBuildFile; fileRef = 7DE8C3563007EF4100080ED0 /* HelperAvatarView.swift */; };
		7DFCEDA42FF25A4A00D2D815 /* AccessibilityService.swift in Sources */ = {isa = PBXBuildFile; fileRef = 7DFCEDA32FF25A4A00D2D815 /* AccessibilityService.swift */; };
		7DFCEDA62FF25A5700D2D815 /* ContributeAccessibilityView.swift in Sources */ = {isa = PBXBuildFile; fileRef = 7DFCEDA52FF25A5700D2D815 /* ContributeAccessibilityView.swift */; };
		7DFCEDA82FF25B3200D2D815 /* OSMAccessibilityService.swift in Sources */ = {isa = PBXBuildFile; fileRef = 7DFCEDA72FF25B3200D2D815 /* OSMAccessibilityService.swift */; };
		AA00000000000000000000B1 /* AppStateHelperFlagTests.swift in Sources */ = {isa = PBXBuildFile; fileRef = AA00000000000000000000A1 /* AppStateHelperFlagTests.swift */; };
		AA00000000000000000000B2 /* AppStateOnboardingRestartTests.swift in Sources */ = {isa = PBXBuildFile; fileRef = AA00000000000000000000A2 /* AppStateOnboardingRestartTests.swift */; };
		D16187174840A57B4BF115B9 /* Foundation.framework in Frameworks */ = {isa = PBXBuildFile; fileRef = BEE39C0564D31240B769B331 /* Foundation.framework */; };
		F03507C18BF05C37A1841253 /* LocationFreshnessTests.swift in Sources */ = {isa = PBXBuildFile; fileRef = 80413AC725FA817CB91D7DCD /* LocationFreshnessTests.swift */; };
		FEF23F6CEDA224BBB7294303 /* AvailabilityShiftTests.swift in Sources */ = {isa = PBXBuildFile; fileRef = 861376D63F0C163030A16752 /* AvailabilityShiftTests.swift */; };
/* End PBXBuildFile section */

/* Begin PBXContainerItemProxy section */
		9435434AA17093B59E9D9457 /* PBXContainerItemProxy */ = {
			isa = PBXContainerItemProxy;
			containerPortal = 000000000000000000000000 /* Project object */;
			proxyType = 1;
			remoteGlobalIDString = 000000000000000100000000;
			remoteInfo = Wheelp;
		};
/* End PBXContainerItemProxy section */

/* Begin PBXFileReference section */
		000000000000000000000120 /* Wheelp.app */ = {isa = PBXFileReference; explicitFileType = wrapper.application; includeInIndex = 0; path = Wheelp.app; sourceTree = BUILT_PRODUCTS_DIR; };
		29BF7BF86170D3D9BF14815E /* WheelpTests.xctest */ = {isa = PBXFileReference; explicitFileType = wrapper.cfbundle; includeInIndex = 0; path = WheelpTests.xctest; sourceTree = BUILT_PRODUCTS_DIR; };
		4933819F991990D84AD311CA /* TransitLegTests.swift */ = {isa = PBXFileReference; includeInIndex = 1; lastKnownFileType = sourcecode.swift; path = TransitLegTests.swift; sourceTree = "<group>"; };
		69E5E4A2E264B692B6B789D0 /* HelpCryptoTests.swift */ = {isa = PBXFileReference; includeInIndex = 1; lastKnownFileType = sourcecode.swift; name = HelpCryptoTests.swift; path = HelpCryptoTests.swift; sourceTree = "<group>"; };
		7D1D468D3023B5FD00E891DD /* TransitRoutingService.swift */ = {isa = PBXFileReference; lastKnownFileType = sourcecode.swift; path = TransitRoutingService.swift; sourceTree = "<group>"; };
		7D1D468F3024733D00E891DD /* AdminApplicationsView.swift */ = {isa = PBXFileReference; lastKnownFileType = sourcecode.swift; path = AdminApplicationsView.swift; sourceTree = "<group>"; };
		7D1D46913024745A00E891DD /* AdminNotifier.swift */ = {isa = PBXFileReference; lastKnownFileType = sourcecode.swift; path = AdminNotifier.swift; sourceTree = "<group>"; };
		7D2B86DF3018BCE70080E8A5 /* AvatarCropView.swift */ = {isa = PBXFileReference; lastKnownFileType = sourcecode.swift; path = AvatarCropView.swift; sourceTree = "<group>"; };
		7D2B86E13018C30F0080E8A5 /* ContactPickerView.swift */ = {isa = PBXFileReference; lastKnownFileType = sourcecode.swift; path = ContactPickerView.swift; sourceTree = "<group>"; };
		7D42B9572FFEA4F50061EBC6 /* HelpRequestSetupView.swift */ = {isa = PBXFileReference; lastKnownFileType = sourcecode.swift; path = HelpRequestSetupView.swift; sourceTree = "<group>"; };
		7D43554A302646C1005291B9 /* PasswordResetView.swift */ = {isa = PBXFileReference; lastKnownFileType = sourcecode.swift; path = PasswordResetView.swift; sourceTree = "<group>"; };
		7D43554C302649AB005291B9 /* PreLoginOnboardingView.swift */ = {isa = PBXFileReference; lastKnownFileType = sourcecode.swift; path = PreLoginOnboardingView.swift; sourceTree = "<group>"; };
		7D54920D2FF90FC5001A2E40 /* SavedPlacesService.swift */ = {isa = PBXFileReference; lastKnownFileType = sourcecode.swift; path = SavedPlacesService.swift; sourceTree = "<group>"; };
		7D9ADA2830229D86000E24D8 /* AppDelegate.swift */ = {isa = PBXFileReference; lastKnownFileType = sourcecode.swift; path = AppDelegate.swift; sourceTree = "<group>"; };
		7D9ADA2A30229D8D000E24D8 /* PushTokenService.swift */ = {isa = PBXFileReference; lastKnownFileType = sourcecode.swift; path = PushTokenService.swift; sourceTree = "<group>"; };
		7DA506462FF1775B0066B1C2 /* WheelpApp.swift */ = {isa = PBXFileReference; lastKnownFileType = sourcecode.swift; path = WheelpApp.swift; sourceTree = "<group>"; };
		7DA506482FF177640066B1C2 /* Theme.swift */ = {isa = PBXFileReference; lastKnownFileType = sourcecode.swift; path = Theme.swift; sourceTree = "<group>"; };
		7DA5064A2FF177750066B1C2 /* AppState.swift */ = {isa = PBXFileReference; lastKnownFileType = sourcecode.swift; path = AppState.swift; sourceTree = "<group>"; };
		7DA5064C2FF177790066B1C2 /* RootView.swift */ = {isa = PBXFileReference; lastKnownFileType = sourcecode.swift; path = RootView.swift; sourceTree = "<group>"; };
		7DA5064E2FF177830066B1C2 /* LoginView.swift */ = {isa = PBXFileReference; lastKnownFileType = sourcecode.swift; path = LoginView.swift; sourceTree = "<group>"; };
		7DA506502FF177970066B1C2 /* OnboardingFlowView.swift */ = {isa = PBXFileReference; lastKnownFileType = sourcecode.swift; path = OnboardingFlowView.swift; sourceTree = "<group>"; };
		7DA506522FF177A60066B1C2 /* ConfiguringView.swift */ = {isa = PBXFileReference; lastKnownFileType = sourcecode.swift; path = ConfiguringView.swift; sourceTree = "<group>"; };
		7DA506542FF177AC0066B1C2 /* HomeView.swift */ = {isa = PBXFileReference; lastKnownFileType = sourcecode.swift; path = HomeView.swift; sourceTree = "<group>"; };
		7DA5065A2FF179700066B1C2 /* SupabaseManager.swift */ = {isa = PBXFileReference; lastKnownFileType = sourcecode.swift; path = SupabaseManager.swift; sourceTree = "<group>"; };
		7DA5065C2FF17C530066B1C2 /* AccessibilityProfile.swift */ = {isa = PBXFileReference; lastKnownFileType = sourcecode.swift; path = AccessibilityProfile.swift; sourceTree = "<group>"; };
		7DA5065E2FF17C590066B1C2 /* LocationManager.swift */ = {isa = PBXFileReference; lastKnownFileType = sourcecode.swift; path = LocationManager.swift; sourceTree = "<group>"; };
		7DA506602FF17C800066B1C2 /* MapHomeView.swift */ = {isa = PBXFileReference; lastKnownFileType = sourcecode.swift; path = MapHomeView.swift; sourceTree = "<group>"; };
		7DA506622FF17DB20066B1C2 /* DestinationAccessibility.swift */ = {isa = PBXFileReference; lastKnownFileType = sourcecode.swift; path = DestinationAccessibility.swift; sourceTree = "<group>"; };
		7DA506642FF17E8E0066B1C2 /* SpeechAnnouncer.swift */ = {isa = PBXFileReference; lastKnownFileType = sourcecode.swift; path = SpeechAnnouncer.swift; sourceTree = "<group>"; };
		7DA506662FF17F560066B1C2 /* SettingsView.swift */ = {isa = PBXFileReference; lastKnownFileType = sourcecode.swift; path = SettingsView.swift; sourceTree = "<group>"; };
		7DA5066A2FF181260066B1C2 /* SpeechRecognizer.swift */ = {isa = PBXFileReference; lastKnownFileType = sourcecode.swift; path = SpeechRecognizer.swift; sourceTree = "<group>"; };
		7DA5066C2FF181750066B1C2 /* VoiceHomeView.swift */ = {isa = PBXFileReference; lastKnownFileType = sourcecode.swift; path = VoiceHomeView.swift; sourceTree = "<group>"; };
		7DAD65BF300636F200CBB79B /* HelpCrypto.swift */ = {isa = PBXFileReference; lastKnownFileType = sourcecode.swift; path = HelpCrypto.swift; sourceTree = "<group>"; };
		7DAD65C3300685DA00CBB79B /* MapHomeModel.swift */ = {isa = PBXFileReference; lastKnownFileType = sourcecode.swift; path = MapHomeModel.swift; sourceTree = "<group>"; };
		7DAD65C53006860000CBB79B /* WalkingPaceService.swift */ = {isa = PBXFileReference; lastKnownFileType = sourcecode.swift; path = WalkingPaceService.swift; sourceTree = "<group>"; };
		7DD3E14830196A900066E578 /* TermsView.swift */ = {isa = PBXFileReference; lastKnownFileType = sourcecode.swift; path = TermsView.swift; sourceTree = "<group>"; };
		7DD3E14A30196AD30066E578 /* HelperApplicationView.swift */ = {isa = PBXFileReference; lastKnownFileType = sourcecode.swift; path = HelperApplicationView.swift; sourceTree = "<group>"; };
		7DDD6C7F3024A1BE00E34CA0 /* HelpRequestNotifier.swift */ = {isa = PBXFileReference; lastKnownFileType = sourcecode.swift; path = HelpRequestNotifier.swift; sourceTree = "<group>"; };
		7DE071F330002E2C0089CE1E /* RouteObstaclesService.swift */ = {isa = PBXFileReference; lastKnownFileType = sourcecode.swift; path = RouteObstaclesService.swift; sourceTree = "<group>"; };
		7DE071F5300032800089CE1E /* ChatNotifier.swift */ = {isa = PBXFileReference; lastKnownFileType = sourcecode.swift; path = ChatNotifier.swift; sourceTree = "<group>"; };
		7DE112082FF3A9E200AABB7A /* GooglePlacesAccessibilityService.swift */ = {isa = PBXFileReference; lastKnownFileType = sourcecode.swift; path = GooglePlacesAccessibilityService.swift; sourceTree = "<group>"; };
		7DE8AFCA2FFCDE8D00611E32 /* NotificationService.swift */ = {isa = PBXFileReference; lastKnownFileType = sourcecode.swift; path = NotificationService.swift; sourceTree = "<group>"; };
		7DE8AFCC2FFCDEF400611E32 /* HelpChatView.swift */ = {isa = PBXFileReference; lastKnownFileType = sourcecode.swift; path = HelpChatView.swift; sourceTree = "<group>"; };
		7DE8AFCE2FFCDFE700611E32 /* HelperService.swift */ = {isa = PBXFileReference; lastKnownFileType = sourcecode.swift; path = HelperService.swift; sourceTree = "<group>"; };
		7DE8AFD02FFCE00F00611E32 /* HelperRequestsView.swift */ = {isa = PBXFileReference; lastKnownFileType = sourcecode.swift; path = HelperRequestsView.swift; sourceTree = "<group>"; };
		7DE8C35030078C7000080ED0 /* HelperRatingView.swift */ = {isa = PBXFileReference; lastKnownFileType = sourcecode.swift; path = HelperRatingView.swift; sourceTree = "<group>"; };
		7DE8C3523007EC7B00080ED0 /* SOSView.swift */ = {isa = PBXFileReference; lastKnownFileType = sourcecode.swift; path = SOSView.swift; sourceTree = "<group>"; };
		7DE8C3543007EE7C00080ED0 /* MeetingCodeView.swift */ = {isa = PBXFileReference; lastKnownFileType = sourcecode.swift; path = MeetingCodeView.swift; sourceTree = "<group>"; };
		7DE8C3563007EF4100080ED0 /* HelperAvatarView.swift */ = {isa = PBXFileReference; lastKnownFileType = sourcecode.swift; path = HelperAvatarView.swift; sourceTree = "<group>"; };
		7DFCEDA32FF25A4A00D2D815 /* AccessibilityService.swift */ = {isa = PBXFileReference; lastKnownFileType = sourcecode.swift; path = AccessibilityService.swift; sourceTree = "<group>"; };
		7DFCEDA52FF25A5700D2D815 /* ContributeAccessibilityView.swift */ = {isa = PBXFileReference; lastKnownFileType = sourcecode.swift; path = ContributeAccessibilityView.swift; sourceTree = "<group>"; };
		7DFCEDA72FF25B3200D2D815 /* OSMAccessibilityService.swift */ = {isa = PBXFileReference; lastKnownFileType = sourcecode.swift; path = OSMAccessibilityService.swift; sourceTree = "<group>"; };
		80413AC725FA817CB91D7DCD /* LocationFreshnessTests.swift */ = {isa = PBXFileReference; includeInIndex = 1; lastKnownFileType = sourcecode.swift; path = LocationFreshnessTests.swift; sourceTree = "<group>"; };
		861376D63F0C163030A16752 /* AvailabilityShiftTests.swift */ = {isa = PBXFileReference; includeInIndex = 1; lastKnownFileType = sourcecode.swift; path = AvailabilityShiftTests.swift; sourceTree = "<group>"; };
		AA00000000000000000000A1 /* AppStateHelperFlagTests.swift */ = {isa = PBXFileReference; includeInIndex = 1; lastKnownFileType = sourcecode.swift; name = AppStateHelperFlagTests.swift; path = AppStateHelperFlagTests.swift; sourceTree = "<group>"; };
		AA00000000000000000000A2 /* AppStateOnboardingRestartTests.swift */ = {isa = PBXFileReference; includeInIndex = 1; lastKnownFileType = sourcecode.swift; name = AppStateOnboardingRestartTests.swift; path = AppStateOnboardingRestartTests.swift; sourceTree = "<group>"; };
		BEE39C0564D31240B769B331 /* Foundation.framework */ = {isa = PBXFileReference; lastKnownFileType = wrapper.framework; name = Foundation.framework; path = Platforms/iPhoneOS.platform/Developer/SDKs/iPhoneOS26.0.sdk/System/Library/Frameworks/Foundation.framework; sourceTree = DEVELOPER_DIR; };
		CA091BA917EBA4EA6C51067D /* GooglePolylineTests.swift */ = {isa = PBXFileReference; includeInIndex = 1; lastKnownFileType = sourcecode.swift; path = GooglePolylineTests.swift; sourceTree = "<group>"; };
/* End PBXFileReference section */

/* Begin PBXFileSystemSynchronizedBuildFileExceptionSet section */
		7D9ADA1E30228649000E24D8 /* Exceptions for "Wheelp" folder in "Wheelp" target */ = {
			isa = PBXFileSystemSynchronizedBuildFileExceptionSet;
			membershipExceptions = (
				Info.plist,
			);
			target = 000000000000000100000000 /* Wheelp */;
		};
/* End PBXFileSystemSynchronizedBuildFileExceptionSet section */

/* Begin PBXFileSystemSynchronizedRootGroup section */
		000000000000000000000010 /* Wheelp */ = {
			isa = PBXFileSystemSynchronizedRootGroup;
			exceptions = (
				7D9ADA1E30228649000E24D8 /* Exceptions for "Wheelp" folder in "Wheelp" target */,
			);
			path = Wheelp;
			sourceTree = "<group>";
		};
/* End PBXFileSystemSynchronizedRootGroup section */

/* Begin PBXFrameworksBuildPhase section */
		000000000000000130000000 /* Frameworks */ = {
			isa = PBXFrameworksBuildPhase;
			files = (
				7D1C7BDB2FEE8C1100302B3D /* Storage in Frameworks */,
				7D9ADA20302292F1000E24D8 /* DiditSDK in Frameworks */,
				7D1C7BD72FEE8C1100302B3D /* PostgREST in Frameworks */,
				7D1C7BD52FEE8C1100302B3D /* Functions in Frameworks */,
				7D1C7BD32FEE8C1100302B3D /* Auth in Frameworks */,
				7D1C7BD92FEE8C1100302B3D /* Realtime in Frameworks */,
				7D1C7BD12FEE8C0500302B3D /* Supabase in Frameworks */,
			);
		};
		3893CFF95A19874B09798BE6 /* Frameworks */ = {
			isa = PBXFrameworksBuildPhase;
			buildActionMask = 2147483647;
			files = (
				D16187174840A57B4BF115B9 /* Foundation.framework in Frameworks */,
			);
			runOnlyForDeploymentPostprocessing = 0;
		};
/* End PBXFrameworksBuildPhase section */

/* Begin PBXGroup section */
		000000000000000000000001 = {
			isa = PBXGroup;
			children = (
				000000000000000000000010 /* Wheelp */,
				7D1C7BCF2FEE8C0500302B3D /* Frameworks */,
				000000000000000000000020 /* Products */,
				7DA506462FF1775B0066B1C2 /* WheelpApp.swift */,
				7DA506482FF177640066B1C2 /* Theme.swift */,
				7DA5064A2FF177750066B1C2 /* AppState.swift */,
				7DA5064C2FF177790066B1C2 /* RootView.swift */,
				7DA5064E2FF177830066B1C2 /* LoginView.swift */,
				7DA506502FF177970066B1C2 /* OnboardingFlowView.swift */,
				7DA506522FF177A60066B1C2 /* ConfiguringView.swift */,
				7DA506542FF177AC0066B1C2 /* HomeView.swift */,
				7DA5065A2FF179700066B1C2 /* SupabaseManager.swift */,
				7DA5065C2FF17C530066B1C2 /* AccessibilityProfile.swift */,
				7DA5065E2FF17C590066B1C2 /* LocationManager.swift */,
				7DA506602FF17C800066B1C2 /* MapHomeView.swift */,
				7DA506622FF17DB20066B1C2 /* DestinationAccessibility.swift */,
				7DA506642FF17E8E0066B1C2 /* SpeechAnnouncer.swift */,
				7DA506662FF17F560066B1C2 /* SettingsView.swift */,
				7DA5066A2FF181260066B1C2 /* SpeechRecognizer.swift */,
				7DA5066C2FF181750066B1C2 /* VoiceHomeView.swift */,
				7DFCEDA32FF25A4A00D2D815 /* AccessibilityService.swift */,
				7DFCEDA52FF25A5700D2D815 /* ContributeAccessibilityView.swift */,
				7DFCEDA72FF25B3200D2D815 /* OSMAccessibilityService.swift */,
				7DE112082FF3A9E200AABB7A /* GooglePlacesAccessibilityService.swift */,
				7D54920D2FF90FC5001A2E40 /* SavedPlacesService.swift */,
				7DE8AFCA2FFCDE8D00611E32 /* NotificationService.swift */,
				7DE8AFCC2FFCDEF400611E32 /* HelpChatView.swift */,
				7DE8AFCE2FFCDFE700611E32 /* HelperService.swift */,
				7DE8AFD02FFCE00F00611E32 /* HelperRequestsView.swift */,
				7D42B9572FFEA4F50061EBC6 /* HelpRequestSetupView.swift */,
				7DE071F330002E2C0089CE1E /* RouteObstaclesService.swift */,
				7DE071F5300032800089CE1E /* ChatNotifier.swift */,
				7DAD65BF300636F200CBB79B /* HelpCrypto.swift */,
				7DAD65C3300685DA00CBB79B /* MapHomeModel.swift */,
				7DAD65C53006860000CBB79B /* WalkingPaceService.swift */,
				7DE8C35030078C7000080ED0 /* HelperRatingView.swift */,
				7DE8C3523007EC7B00080ED0 /* SOSView.swift */,
				7DE8C3543007EE7C00080ED0 /* MeetingCodeView.swift */,
				7DE8C3563007EF4100080ED0 /* HelperAvatarView.swift */,
				7D2B86DF3018BCE70080E8A5 /* AvatarCropView.swift */,
				7D2B86E13018C30F0080E8A5 /* ContactPickerView.swift */,
				7DD3E14830196A900066E578 /* TermsView.swift */,
				7DD3E14A30196AD30066E578 /* HelperApplicationView.swift */,
				7D9ADA2830229D86000E24D8 /* AppDelegate.swift */,
				7D9ADA2A30229D8D000E24D8 /* PushTokenService.swift */,
				7D1D468D3023B5FD00E891DD /* TransitRoutingService.swift */,
				7D1D468F3024733D00E891DD /* AdminApplicationsView.swift */,
				7D1D46913024745A00E891DD /* AdminNotifier.swift */,
				7DDD6C7F3024A1BE00E34CA0 /* HelpRequestNotifier.swift */,
				7D43554A302646C1005291B9 /* PasswordResetView.swift */,
				7D43554C302649AB005291B9 /* PreLoginOnboardingView.swift */,
				26276811F1F012CDAF52DD6A /* WheelpTests */,
			);
			sourceTree = "<group>";
		};
		000000000000000000000020 /* Products */ = {
			isa = PBXGroup;
			children = (
				000000000000000000000120 /* Wheelp.app */,
				29BF7BF86170D3D9BF14815E /* WheelpTests.xctest */,
			);
			name = Products;
			sourceTree = "<group>";
		};
		26276811F1F012CDAF52DD6A /* WheelpTests */ = {
			isa = PBXGroup;
			children = (
				69E5E4A2E264B692B6B789D0 /* HelpCryptoTests.swift */,
				AA00000000000000000000A1 /* AppStateHelperFlagTests.swift */,
				AA00000000000000000000A2 /* AppStateOnboardingRestartTests.swift */,
				CA091BA917EBA4EA6C51067D /* GooglePolylineTests.swift */,
				4933819F991990D84AD311CA /* TransitLegTests.swift */,
				80413AC725FA817CB91D7DCD /* LocationFreshnessTests.swift */,
				861376D63F0C163030A16752 /* AvailabilityShiftTests.swift */,
			);
			name = WheelpTests;
			path = WheelpTests;
			sourceTree = "<group>";
		};
		3B6748EA7EAF22055084117D /* iOS */ = {
			isa = PBXGroup;
			children = (
				BEE39C0564D31240B769B331 /* Foundation.framework */,
			);
			name = iOS;
			sourceTree = "<group>";
		};
		7D1C7BCF2FEE8C0500302B3D /* Frameworks */ = {
			isa = PBXGroup;
			children = (
				3B6748EA7EAF22055084117D /* iOS */,
			);
			name = Frameworks;
			sourceTree = "<group>";
		};
/* End PBXGroup section */

/* Begin PBXNativeTarget section */
		000000000000000100000000 /* Wheelp */ = {
			isa = PBXNativeTarget;
			buildConfigurationList = 000000000000000110000000 /* Build configuration list for PBXNativeTarget "Wheelp" */;
			buildPhases = (
				000000000000000120000000 /* Sources */,
				000000000000000130000000 /* Frameworks */,
				000000000000000140000000 /* Resources */,
			);
			buildRules = (
			);
			dependencies = (
			);
			fileSystemSynchronizedGroups = (
				000000000000000000000010 /* Wheelp */,
			);
			name = Wheelp;
			packageProductDependencies = (
				7D1C7BD02FEE8C0500302B3D /* Supabase */,
				7D1C7BD22FEE8C1100302B3D /* Auth */,
				7D1C7BD42FEE8C1100302B3D /* Functions */,
				7D1C7BD62FEE8C1100302B3D /* PostgREST */,
				7D1C7BD82FEE8C1100302B3D /* Realtime */,
				7D1C7BDA2FEE8C1100302B3D /* Storage */,
				7D9ADA1F302292F1000E24D8 /* DiditSDK */,
			);
			productName = MyApp;
			productReference = 000000000000000000000120 /* Wheelp.app */;
			productType = "com.apple.product-type.application";
		};
		0D0C2F28DA7ECFC8D4F52D69 /* WheelpTests */ = {
			isa = PBXNativeTarget;
			buildConfigurationList = 3F89B0E8D9D740D6703E51DE /* Build configuration list for PBXNativeTarget "WheelpTests" */;
			buildPhases = (
				9B0002844D1800AE9AE59259 /* Sources */,
				3893CFF95A19874B09798BE6 /* Frameworks */,
				DFE2361A97406949FDB5BD53 /* Resources */,
			);
			buildRules = (
			);
			dependencies = (
				4F91C74B6D30C7814B0E9A5B /* PBXTargetDependency */,
			);
			name = WheelpTests;
			productName = WheelpTests;
			productReference = 29BF7BF86170D3D9BF14815E /* WheelpTests.xctest */;
			productType = "com.apple.product-type.bundle.unit-test";
		};
/* End PBXNativeTarget section */

/* Begin PBXProject section */
		000000000000000000000000 /* Project object */ = {
			isa = PBXProject;
			attributes = {
				BuildIndependentTargetsInParallel = 1;
				LastSwiftUpdateCheck = 2630;
				LastUpgradeCheck = 2700;
				TargetAttributes = {
					000000000000000100000000 = {
						CreatedOnToolsVersion = 26.3;
					};
				};
			};
			buildConfigurationList = 000000000000000010000000 /* Build configuration list for PBXProject "Wheelp" */;
			developmentRegion = en;
			hasScannedForEncodings = 0;
			knownRegions = (
				en,
				Base,
			);
			mainGroup = 000000000000000000000001;
			minimizedProjectReferenceProxies = 1;
			packageReferences = (
				7D269A2C2FEE6A5500610877 /* XCRemoteSwiftPackageReference "supabase-swift" */,
				7D9ADA1C302274DD000E24D8 /* XCRemoteSwiftPackageReference "sdk-ios" */,
			);
			preferredProjectObjectVersion = 90;
			productRefGroup = 000000000000000000000020 /* Products */;
			projectDirPath = "";
			projectRoot = "";
			targets = (
				000000000000000100000000 /* Wheelp */,
				0D0C2F28DA7ECFC8D4F52D69 /* WheelpTests */,
			);
		};
/* End PBXProject section */

/* Begin PBXResourcesBuildPhase section */
		000000000000000140000000 /* Resources */ = {
			isa = PBXResourcesBuildPhase;
			files = (
			);
		};
		DFE2361A97406949FDB5BD53 /* Resources */ = {
			isa = PBXResourcesBuildPhase;
			buildActionMask = 2147483647;
			files = (
			);
			runOnlyForDeploymentPostprocessing = 0;
		};
/* End PBXResourcesBuildPhase section */

/* Begin PBXSourcesBuildPhase section */
		000000000000000120000000 /* Sources */ = {
			isa = PBXSourcesBuildPhase;
			files = (
				7DDD6C803024A1BE00E34CA0 /* HelpRequestNotifier.swift in Sources */,
				7DA506672FF17F560066B1C2 /* SettingsView.swift in Sources */,
				7DA5066B2FF181260066B1C2 /* SpeechRecognizer.swift in Sources */,
				7DFCEDA42FF25A4A00D2D815 /* AccessibilityService.swift in Sources */,
				7D54920E2FF90FC5001A2E40 /* SavedPlacesService.swift in Sources */,
				7D9ADA2930229D86000E24D8 /* AppDelegate.swift in Sources */,
				7D1D46903024733D00E891DD /* AdminApplicationsView.swift in Sources */,
				7D43554B302646C1005291B9 /* PasswordResetView.swift in Sources */,
				7DA506632FF17DB20066B1C2 /* DestinationAccessibility.swift in Sources */,
				7D1D468E3023B5FD00E891DD /* TransitRoutingService.swift in Sources */,
				7DA5064D2FF177790066B1C2 /* RootView.swift in Sources */,
				7D1D46923024745A00E891DD /* AdminNotifier.swift in Sources */,
				7D2B86E03018BCE70080E8A5 /* AvatarCropView.swift in Sources */,
				7DA5064B2FF177750066B1C2 /* AppState.swift in Sources */,
				7DA5065D2FF17C530066B1C2 /* AccessibilityProfile.swift in Sources */,
				7DA5065F2FF17C590066B1C2 /* LocationManager.swift in Sources */,
				7DE8AFCD2FFCDEF400611E32 /* HelpChatView.swift in Sources */,
				7DAD65C63006860000CBB79B /* WalkingPaceService.swift in Sources */,
				7DA5066D2FF181750066B1C2 /* VoiceHomeView.swift in Sources */,
				7DA506532FF177A60066B1C2 /* ConfiguringView.swift in Sources */,
				7DE112092FF3A9E200AABB7A /* GooglePlacesAccessibilityService.swift in Sources */,
				7D43554D302649AB005291B9 /* PreLoginOnboardingView.swift in Sources */,
				7DA5065B2FF179700066B1C2 /* SupabaseManager.swift in Sources */,
				7DA506652FF17E8E0066B1C2 /* SpeechAnnouncer.swift in Sources */,
				7DE071F6300032800089CE1E /* ChatNotifier.swift in Sources */,
				7DFCEDA82FF25B3200D2D815 /* OSMAccessibilityService.swift in Sources */,
				7DA506612FF17C800066B1C2 /* MapHomeView.swift in Sources */,
				7DE8C35130078C7000080ED0 /* HelperRatingView.swift in Sources */,
				7DD3E14B30196AD30066E578 /* HelperApplicationView.swift in Sources */,
				7DE8C3533007EC7B00080ED0 /* SOSView.swift in Sources */,
				7DD3E14930196A900066E578 /* TermsView.swift in Sources */,
				7DA506472FF1775B0066B1C2 /* WheelpApp.swift in Sources */,
				7DA506512FF177970066B1C2 /* OnboardingFlowView.swift in Sources */,
				7DA506552FF177AC0066B1C2 /* HomeView.swift in Sources */,
				7DAD65C0300636F200CBB79B /* HelpCrypto.swift in Sources */,
				7DE8AFCB2FFCDE8D00611E32 /* NotificationService.swift in Sources */,
				7D42B9582FFEA4F50061EBC6 /* HelpRequestSetupView.swift in Sources */,
				7DE8C3573007EF4100080ED0 /* HelperAvatarView.swift in Sources */,
				7DE071F430002E2C0089CE1E /* RouteObstaclesService.swift in Sources */,
				7DE8C3553007EE7C00080ED0 /* MeetingCodeView.swift in Sources */,
				7DE8AFCF2FFCDFE700611E32 /* HelperService.swift in Sources */,
				7DA5064F2FF177830066B1C2 /* LoginView.swift in Sources */,
				7DFCEDA62FF25A5700D2D815 /* ContributeAccessibilityView.swift in Sources */,
				7DE8AFD12FFCE00F00611E32 /* HelperRequestsView.swift in Sources */,
				7D2B86E23018C30F0080E8A5 /* ContactPickerView.swift in Sources */,
				7D9ADA2B30229D8D000E24D8 /* PushTokenService.swift in Sources */,
				7DA506492FF177640066B1C2 /* Theme.swift in Sources */,
				7DAD65C4300685DA00CBB79B /* MapHomeModel.swift in Sources */,
			);
		};
		9B0002844D1800AE9AE59259 /* Sources */ = {
			isa = PBXSourcesBuildPhase;
			buildActionMask = 2147483647;
			files = (
				70F9851F00FCEE45AD2BA1DC /* HelpCryptoTests.swift in Sources */,
				AA00000000000000000000B1 /* AppStateHelperFlagTests.swift in Sources */,
				AA00000000000000000000B2 /* AppStateOnboardingRestartTests.swift in Sources */,
				5BD5B1DB4C42322390E0A84E /* GooglePolylineTests.swift in Sources */,
				10F824B3F6BEAFE091D0C7C3 /* TransitLegTests.swift in Sources */,
				F03507C18BF05C37A1841253 /* LocationFreshnessTests.swift in Sources */,
				FEF23F6CEDA224BBB7294303 /* AvailabilityShiftTests.swift in Sources */,
			);
			runOnlyForDeploymentPostprocessing = 0;
		};
/* End PBXSourcesBuildPhase section */

/* Begin PBXTargetDependency section */
		4F91C74B6D30C7814B0E9A5B /* PBXTargetDependency */ = {
			isa = PBXTargetDependency;
			name = Wheelp;
			target = 000000000000000100000000 /* Wheelp */;
			targetProxy = 9435434AA17093B59E9D9457 /* PBXContainerItemProxy */;
		};
/* End PBXTargetDependency section */

/* Begin XCBuildConfiguration section */
		000000000000000011000000 /* Debug */ = {
			isa = XCBuildConfiguration;
			buildSettings = {
				ALWAYS_SEARCH_USER_PATHS = NO;
				APPLETVOS_DEPLOYMENT_TARGET = 27.0;
				ASSETCATALOG_COMPILER_GENERATE_SWIFT_ASSET_SYMBOL_EXTENSIONS = YES;
				CLANG_ANALYZER_NONNULL = YES;
				CLANG_ANALYZER_NUMBER_OBJECT_CONVERSION = YES_AGGRESSIVE;
				CLANG_CXX_LANGUAGE_STANDARD = "gnu++20";
				CLANG_ENABLE_MODULES = YES;
				CLANG_ENABLE_OBJC_ARC = YES;
				CLANG_ENABLE_OBJC_WEAK = YES;
				CLANG_WARN_BLOCK_CAPTURE_AUTORELEASING = YES;
				CLANG_WARN_BOOL_CONVERSION = YES;
				CLANG_WARN_COMMA = YES;
				CLANG_WARN_CONSTANT_CONVERSION = YES;
				CLANG_WARN_DEPRECATED_OBJC_IMPLEMENTATIONS = YES;
				CLANG_WARN_DIRECT_OBJC_ISA_USAGE = YES_ERROR;
				CLANG_WARN_DOCUMENTATION_COMMENTS = YES;
				CLANG_WARN_EMPTY_BODY = YES;
				CLANG_WARN_ENUM_CONVERSION = YES;
				CLANG_WARN_INFINITE_RECURSION = YES;
				CLANG_WARN_INT_CONVERSION = YES;
				CLANG_WARN_NON_LITERAL_NULL_CONVERSION = YES;
				CLANG_WARN_OBJC_IMPLICIT_RETAIN_SELF = YES;
				CLANG_WARN_OBJC_LITERAL_CONVERSION = YES;
				CLANG_WARN_OBJC_ROOT_CLASS = YES_ERROR;
				CLANG_WARN_QUOTED_INCLUDE_IN_FRAMEWORK_HEADER = YES;
				CLANG_WARN_RANGE_LOOP_ANALYSIS = YES;
				CLANG_WARN_STRICT_PROTOTYPES = YES;
				CLANG_WARN_SUSPICIOUS_MOVE = YES;
				CLANG_WARN_UNGUARDED_AVAILABILITY = YES_AGGRESSIVE;
				CLANG_WARN_UNREACHABLE_CODE = YES;
				CLANG_WARN__DUPLICATE_METHOD_MATCH = YES;
				COPY_PHASE_STRIP = NO;
				DEAD_CODE_STRIPPING = YES;
				DEBUG_INFORMATION_FORMAT = dwarf;
				DRIVERKIT_DEPLOYMENT_TARGET = 27.0;
				ENABLE_STRICT_OBJC_MSGSEND = YES;
				ENABLE_TESTABILITY = YES;
				ENABLE_USER_SCRIPT_SANDBOXING = YES;
				GCC_C_LANGUAGE_STANDARD = gnu17;
				GCC_DYNAMIC_NO_PIC = NO;
				GCC_NO_COMMON_BLOCKS = YES;
				GCC_OPTIMIZATION_LEVEL = 0;
				GCC_PREPROCESSOR_DEFINITIONS = (
					"DEBUG=1",
					"$(inherited)",
				);
				GCC_WARN_64_TO_32_BIT_CONVERSION = YES;
				GCC_WARN_ABOUT_RETURN_TYPE = YES_ERROR;
				GCC_WARN_UNDECLARED_SELECTOR = YES;
				GCC_WARN_UNINITIALIZED_AUTOS = YES_AGGRESSIVE;
				GCC_WARN_UNUSED_FUNCTION = YES;
				GCC_WARN_UNUSED_VARIABLE = YES;
				IPHONEOS_DEPLOYMENT_TARGET = 27.0;
				LOCALIZATION_PREFERS_STRING_CATALOGS = YES;
				MACOSX_DEPLOYMENT_TARGET = 27.0;
				MTL_ENABLE_DEBUG_INFO = INCLUDE_SOURCE;
				MTL_FAST_MATH = YES;
				ONLY_ACTIVE_ARCH = YES;
				PROJECT_UNIQUE_VALUE = NN00QYUJ;
				STRING_CATALOG_GENERATE_SYMBOLS = YES;
				SWIFT_ACTIVE_COMPILATION_CONDITIONS = "DEBUG $(inherited)";
				SWIFT_OPTIMIZATION_LEVEL = "-Onone";
				WATCHOS_DEPLOYMENT_TARGET = 27.0;
				XROS_DEPLOYMENT_TARGET = 27.0;
			};
			name = Debug;
		};
		000000000000000012000000 /* Release */ = {
			isa = XCBuildConfiguration;
			buildSettings = {
				ALWAYS_SEARCH_USER_PATHS = NO;
				APPLETVOS_DEPLOYMENT_TARGET = 27.0;
				ASSETCATALOG_COMPILER_GENERATE_SWIFT_ASSET_SYMBOL_EXTENSIONS = YES;
				CLANG_ANALYZER_NONNULL = YES;
				CLANG_ANALYZER_NUMBER_OBJECT_CONVERSION = YES_AGGRESSIVE;
				CLANG_CXX_LANGUAGE_STANDARD = "gnu++20";
				CLANG_ENABLE_MODULES = YES;
				CLANG_ENABLE_OBJC_ARC = YES;
				CLANG_ENABLE_OBJC_WEAK = YES;
				CLANG_WARN_BLOCK_CAPTURE_AUTORELEASING = YES;
				CLANG_WARN_BOOL_CONVERSION = YES;
				CLANG_WARN_COMMA = YES;
				CLANG_WARN_CONSTANT_CONVERSION = YES;
				CLANG_WARN_DEPRECATED_OBJC_IMPLEMENTATIONS = YES;
				CLANG_WARN_DIRECT_OBJC_ISA_USAGE = YES_ERROR;
				CLANG_WARN_DOCUMENTATION_COMMENTS = YES;
				CLANG_WARN_EMPTY_BODY = YES;
				CLANG_WARN_ENUM_CONVERSION = YES;
				CLANG_WARN_INFINITE_RECURSION = YES;
				CLANG_WARN_INT_CONVERSION = YES;
				CLANG_WARN_NON_LITERAL_NULL_CONVERSION = YES;
				CLANG_WARN_OBJC_IMPLICIT_RETAIN_SELF = YES;
				CLANG_WARN_OBJC_LITERAL_CONVERSION = YES;
				CLANG_WARN_OBJC_ROOT_CLASS = YES_ERROR;
				CLANG_WARN_QUOTED_INCLUDE_IN_FRAMEWORK_HEADER = YES;
				CLANG_WARN_RANGE_LOOP_ANALYSIS = YES;
				CLANG_WARN_STRICT_PROTOTYPES = YES;
				CLANG_WARN_SUSPICIOUS_MOVE = YES;
				CLANG_WARN_UNGUARDED_AVAILABILITY = YES_AGGRESSIVE;
				CLANG_WARN_UNREACHABLE_CODE = YES;
				CLANG_WARN__DUPLICATE_METHOD_MATCH = YES;
				COPY_PHASE_STRIP = NO;
				DEAD_CODE_STRIPPING = YES;
				DEBUG_INFORMATION_FORMAT = "dwarf-with-dsym";
				DRIVERKIT_DEPLOYMENT_TARGET = 27.0;
				ENABLE_NS_ASSERTIONS = NO;
				ENABLE_STRICT_OBJC_MSGSEND = YES;
				ENABLE_USER_SCRIPT_SANDBOXING = YES;
				GCC_C_LANGUAGE_STANDARD = gnu17;
				GCC_NO_COMMON_BLOCKS = YES;
				GCC_WARN_64_TO_32_BIT_CONVERSION = YES;
				GCC_WARN_ABOUT_RETURN_TYPE = YES_ERROR;
				GCC_WARN_UNDECLARED_SELECTOR = YES;
				GCC_WARN_UNINITIALIZED_AUTOS = YES_AGGRESSIVE;
				GCC_WARN_UNUSED_FUNCTION = YES;
				GCC_WARN_UNUSED_VARIABLE = YES;
				IPHONEOS_DEPLOYMENT_TARGET = 27.0;
				LOCALIZATION_PREFERS_STRING_CATALOGS = YES;
				MACOSX_DEPLOYMENT_TARGET = 27.0;
				MTL_ENABLE_DEBUG_INFO = NO;
				MTL_FAST_MATH = YES;
				PROJECT_UNIQUE_VALUE = NN00QYUJ;
				STRING_CATALOG_GENERATE_SYMBOLS = YES;
				SWIFT_COMPILATION_MODE = wholemodule;
				WATCHOS_DEPLOYMENT_TARGET = 27.0;
				XROS_DEPLOYMENT_TARGET = 27.0;
			};
			name = Release;
		};
		000000000000000111000000 /* Debug */ = {
			isa = XCBuildConfiguration;
			buildSettings = {
				ASSETCATALOG_COMPILER_APPICON_NAME = AppIcon;
				ASSETCATALOG_COMPILER_INCLUDE_ALL_APPICON_ASSETS = YES;
				CODE_SIGN_ENTITLEMENTS = Wheelp/Wheelp.entitlements;
				"CODE_SIGN_IDENTITY[sdk=macosx*]" = "-";
				CODE_SIGN_STYLE = Automatic;
				CURRENT_PROJECT_VERSION = 2;
				DEVELOPMENT_TEAM = 967AMV9QSH;
				ENABLE_APP_SANDBOX = YES;
				ENABLE_INCOMING_NETWORK_CONNECTIONS = YES;
				ENABLE_OUTGOING_NETWORK_CONNECTIONS = YES;
				ENABLE_PREVIEWS = YES;
				ENABLE_RESOURCE_ACCESS_AUDIO_INPUT = YES;
				ENABLE_RESOURCE_ACCESS_BLUETOOTH = YES;
				ENABLE_RESOURCE_ACCESS_CALENDARS = NO;
				ENABLE_RESOURCE_ACCESS_CAMERA = YES;
				ENABLE_RESOURCE_ACCESS_CONTACTS = YES;
				ENABLE_RESOURCE_ACCESS_LOCATION = YES;
				ENABLE_RESOURCE_ACCESS_PRINTING = NO;
				ENABLE_RESOURCE_ACCESS_USB = NO;
				ENABLE_USER_SELECTED_FILES = readonly;
				GENERATE_INFOPLIST_FILE = YES;
				INFOPLIST_FILE = Wheelp/Info.plist;
				INFOPLIST_KEY_CFBundleDisplayName = Wheelp;
				INFOPLIST_KEY_LSApplicationCategoryType = "public.app-category.travel";
				INFOPLIST_KEY_NSFaceIDUsageDescription = "Accede a Wheelp rápidamente";
				INFOPLIST_KEY_NSLocationAlwaysAndWhenInUseUsageDescription = "Cuando activas \"Disponible\", Wheelp guarda tu zona aproximada —no tu dirección exacta— aunque la app esté cerrada, para avisarte solo de las peticiones de ayuda cercanas. Se detiene al desactivar \"Disponible\" y no se guarda tu historial.";
				INFOPLIST_KEY_NSLocationWhenInUseUsageDescription = "Wheelp usa tu ubicación para mostrarte rutas y lugares accesibles cerca de ti.";
				INFOPLIST_KEY_NSMicrophoneUsageDescription = "Wheelp usa el micrófono para permitir búsqueda por voz a usuarios con discapacidad visual o motriz ";
				INFOPLIST_KEY_NSSpeechRecognitionUsageDescription = "Wheelp usa el reconocimiento de voz para que puedas decir en voz alta a dónde quieres ir";
				INFOPLIST_KEY_NSSupportsLiveActivities = YES;
				"INFOPLIST_KEY_UIApplicationSceneManifest_Generation[sdk=iphoneos*]" = YES;
				"INFOPLIST_KEY_UIApplicationSceneManifest_Generation[sdk=iphonesimulator*]" = YES;
				"INFOPLIST_KEY_UIApplicationSupportsIndirectInputEvents[sdk=iphoneos*]" = YES;
				"INFOPLIST_KEY_UIApplicationSupportsIndirectInputEvents[sdk=iphonesimulator*]" = YES;
				"INFOPLIST_KEY_UILaunchScreen_Generation[sdk=iphoneos*]" = YES;
				"INFOPLIST_KEY_UILaunchScreen_Generation[sdk=iphonesimulator*]" = YES;
				INFOPLIST_KEY_UIStatusBarStyle = "";
				"INFOPLIST_KEY_UIStatusBarStyle[sdk=iphoneos*]" = UIStatusBarStyleDefault;
				"INFOPLIST_KEY_UIStatusBarStyle[sdk=iphonesimulator*]" = UIStatusBarStyleDefault;
				INFOPLIST_KEY_UISupportedInterfaceOrientations = "UIInterfaceOrientationLandscapeLeft UIInterfaceOrientationLandscapeRight UIInterfaceOrientationPortrait UIInterfaceOrientationPortraitUpsideDown";
				IPHONEOS_DEPLOYMENT_TARGET = 17.0;
				LD_RUNPATH_SEARCH_PATHS = "@executable_path/Frameworks";
				"LD_RUNPATH_SEARCH_PATHS[sdk=macosx*]" = "@executable_path/../Frameworks";
				MACOSX_DEPLOYMENT_TARGET = "$(RECOMMENDED_MACOSX_DEPLOYMENT_TARGET)";
				MARKETING_VERSION = 1.0;
				PRODUCT_BUNDLE_IDENTIFIER = fastavan.wheelp;
				PRODUCT_NAME = "$(TARGET_NAME)";
				REGISTER_APP_GROUPS = YES;
				SDKROOT = auto;
				STRING_CATALOG_GENERATE_SYMBOLS = YES;
				SUPPORTED_PLATFORMS = "iphonesimulator iphoneos";
				SWIFT_APPROACHABLE_CONCURRENCY = YES;
				SWIFT_DEFAULT_ACTOR_ISOLATION = MainActor;
				SWIFT_EMIT_LOC_STRINGS = YES;
				SWIFT_UPCOMING_FEATURE_MEMBER_IMPORT_VISIBILITY = YES;
				SWIFT_VERSION = 5.0;
				TARGETED_DEVICE_FAMILY = "1,2";
				XROS_DEPLOYMENT_TARGET = "$(RECOMMENDED_XROS_DEPLOYMENT_TARGET)";
			};
			name = Debug;
		};
		000000000000000112000000 /* Release */ = {
			isa = XCBuildConfiguration;
			buildSettings = {
				ASSETCATALOG_COMPILER_APPICON_NAME = AppIcon;
				ASSETCATALOG_COMPILER_INCLUDE_ALL_APPICON_ASSETS = YES;
				CODE_SIGN_ENTITLEMENTS = Wheelp/Wheelp.entitlements;
				"CODE_SIGN_IDENTITY[sdk=macosx*]" = "-";
				CODE_SIGN_STYLE = Automatic;
				CURRENT_PROJECT_VERSION = 2;
				DEVELOPMENT_TEAM = 967AMV9QSH;
				ENABLE_APP_SANDBOX = YES;
				ENABLE_INCOMING_NETWORK_CONNECTIONS = YES;
				ENABLE_OUTGOING_NETWORK_CONNECTIONS = YES;
				ENABLE_PREVIEWS = YES;
				ENABLE_RESOURCE_ACCESS_AUDIO_INPUT = YES;
				ENABLE_RESOURCE_ACCESS_BLUETOOTH = YES;
				ENABLE_RESOURCE_ACCESS_CALENDARS = NO;
				ENABLE_RESOURCE_ACCESS_CAMERA = YES;
				ENABLE_RESOURCE_ACCESS_CONTACTS = YES;
				ENABLE_RESOURCE_ACCESS_LOCATION = YES;
				ENABLE_RESOURCE_ACCESS_PRINTING = NO;
				ENABLE_RESOURCE_ACCESS_USB = NO;
				ENABLE_USER_SELECTED_FILES = readonly;
				GENERATE_INFOPLIST_FILE = YES;
				INFOPLIST_FILE = Wheelp/Info.plist;
				INFOPLIST_KEY_CFBundleDisplayName = Wheelp;
				INFOPLIST_KEY_LSApplicationCategoryType = "public.app-category.travel";
				INFOPLIST_KEY_NSFaceIDUsageDescription = "Accede a Wheelp rápidamente";
				INFOPLIST_KEY_NSLocationAlwaysAndWhenInUseUsageDescription = "Cuando activas \"Disponible\", Wheelp guarda tu zona aproximada —no tu dirección exacta— aunque la app esté cerrada, para avisarte solo de las peticiones de ayuda cercanas. Se detiene al desactivar \"Disponible\" y no se guarda tu historial.";
				INFOPLIST_KEY_NSLocationWhenInUseUsageDescription = "Wheelp usa tu ubicación para mostrarte rutas y lugares accesibles cerca de ti.";
				INFOPLIST_KEY_NSMicrophoneUsageDescription = "Wheelp usa el micrófono para permitir búsqueda por voz a usuarios con discapacidad visual o motriz ";
				INFOPLIST_KEY_NSSpeechRecognitionUsageDescription = "Wheelp usa el reconocimiento de voz para que puedas decir en voz alta a dónde quieres ir";
				INFOPLIST_KEY_NSSupportsLiveActivities = YES;
				"INFOPLIST_KEY_UIApplicationSceneManifest_Generation[sdk=iphoneos*]" = YES;
				"INFOPLIST_KEY_UIApplicationSceneManifest_Generation[sdk=iphonesimulator*]" = YES;
				"INFOPLIST_KEY_UIApplicationSupportsIndirectInputEvents[sdk=iphoneos*]" = YES;
				"INFOPLIST_KEY_UIApplicationSupportsIndirectInputEvents[sdk=iphonesimulator*]" = YES;
				"INFOPLIST_KEY_UILaunchScreen_Generation[sdk=iphoneos*]" = YES;
				"INFOPLIST_KEY_UILaunchScreen_Generation[sdk=iphonesimulator*]" = YES;
				INFOPLIST_KEY_UIStatusBarStyle = "";
				"INFOPLIST_KEY_UIStatusBarStyle[sdk=iphoneos*]" = UIStatusBarStyleDefault;
				"INFOPLIST_KEY_UIStatusBarStyle[sdk=iphonesimulator*]" = UIStatusBarStyleDefault;
				INFOPLIST_KEY_UISupportedInterfaceOrientations = "UIInterfaceOrientationLandscapeLeft UIInterfaceOrientationLandscapeRight UIInterfaceOrientationPortrait UIInterfaceOrientationPortraitUpsideDown";
				IPHONEOS_DEPLOYMENT_TARGET = 17.0;
				LD_RUNPATH_SEARCH_PATHS = "@executable_path/Frameworks";
				"LD_RUNPATH_SEARCH_PATHS[sdk=macosx*]" = "@executable_path/../Frameworks";
				MACOSX_DEPLOYMENT_TARGET = "$(RECOMMENDED_MACOSX_DEPLOYMENT_TARGET)";
				MARKETING_VERSION = 1.0;
				PRODUCT_BUNDLE_IDENTIFIER = fastavan.wheelp;
				PRODUCT_NAME = "$(TARGET_NAME)";
				REGISTER_APP_GROUPS = YES;
				SDKROOT = auto;
				STRING_CATALOG_GENERATE_SYMBOLS = YES;
				SUPPORTED_PLATFORMS = "iphonesimulator iphoneos";
				SWIFT_APPROACHABLE_CONCURRENCY = YES;
				SWIFT_DEFAULT_ACTOR_ISOLATION = MainActor;
				SWIFT_EMIT_LOC_STRINGS = YES;
				SWIFT_UPCOMING_FEATURE_MEMBER_IMPORT_VISIBILITY = YES;
				SWIFT_VERSION = 5.0;
				TARGETED_DEVICE_FAMILY = "1,2";
				XROS_DEPLOYMENT_TARGET = "$(RECOMMENDED_XROS_DEPLOYMENT_TARGET)";
			};
			name = Release;
		};
		545E6ABBE2FF8E5C026644DC /* Debug */ = {
			isa = XCBuildConfiguration;
			buildSettings = {
				BUNDLE_LOADER = "$(TEST_HOST)";
				CLANG_ENABLE_OBJC_WEAK = NO;
				CODE_SIGN_STYLE = Automatic;
				GENERATE_INFOPLIST_FILE = YES;
				IPHONEOS_DEPLOYMENT_TARGET = 17.0;
				PRODUCT_BUNDLE_IDENTIFIER = fastavan.wheelp.WheelpTests;
				PRODUCT_NAME = "$(TARGET_NAME)";
				SDKROOT = iphoneos;
				SWIFT_VERSION = 5.0;
				TARGETED_DEVICE_FAMILY = "1,2";
				TEST_HOST = "$(BUILT_PRODUCTS_DIR)/Wheelp.app/$(BUNDLE_EXECUTABLE_FOLDER_PATH)/Wheelp";
			};
			name = Debug;
		};
		7A4E7F21F8278FE505870262 /* Release */ = {
			isa = XCBuildConfiguration;
			buildSettings = {
				BUNDLE_LOADER = "$(TEST_HOST)";
				CLANG_ENABLE_OBJC_WEAK = NO;
				CODE_SIGN_STYLE = Automatic;
				GENERATE_INFOPLIST_FILE = YES;
				IPHONEOS_DEPLOYMENT_TARGET = 17.0;
				PRODUCT_BUNDLE_IDENTIFIER = fastavan.wheelp.WheelpTests;
				PRODUCT_NAME = "$(TARGET_NAME)";
				SDKROOT = iphoneos;
				SWIFT_VERSION = 5.0;
				TARGETED_DEVICE_FAMILY = "1,2";
				TEST_HOST = "$(BUILT_PRODUCTS_DIR)/Wheelp.app/$(BUNDLE_EXECUTABLE_FOLDER_PATH)/Wheelp";
				VALIDATE_PRODUCT = YES;
			};
			name = Release;
		};
/* End XCBuildConfiguration section */

/* Begin XCConfigurationList section */
		000000000000000010000000 /* Build configuration list for PBXProject "Wheelp" */ = {
			isa = XCConfigurationList;
			buildConfigurations = (
				000000000000000011000000 /* Debug */,
				000000000000000012000000 /* Release */,
			);
			defaultConfigurationName = Release;
		};
		000000000000000110000000 /* Build configuration list for PBXNativeTarget "Wheelp" */ = {
			isa = XCConfigurationList;
			buildConfigurations = (
				000000000000000111000000 /* Debug */,
				000000000000000112000000 /* Release */,
			);
			defaultConfigurationName = Release;
		};
		3F89B0E8D9D740D6703E51DE /* Build configuration list for PBXNativeTarget "WheelpTests" */ = {
			isa = XCConfigurationList;
			buildConfigurations = (
				7A4E7F21F8278FE505870262 /* Release */,
				545E6ABBE2FF8E5C026644DC /* Debug */,
			);
			defaultConfigurationIsVisible = 0;
			defaultConfigurationName = Release;
		};
/* End XCConfigurationList section */

/* Begin XCRemoteSwiftPackageReference section */
		7D269A2C2FEE6A5500610877 /* XCRemoteSwiftPackageReference "supabase-swift" */ = {
			isa = XCRemoteSwiftPackageReference;
			repositoryURL = "https://github.com/supabase/supabase-swift";
			requirement = {
				kind = upToNextMajorVersion;
				minimumVersion = 2.5.1;
			};
		};
		7D9ADA1C302274DD000E24D8 /* XCRemoteSwiftPackageReference "sdk-ios" */ = {
			isa = XCRemoteSwiftPackageReference;
			repositoryURL = "https://github.com/didit-protocol/sdk-ios.git";
			requirement = {
				kind = upToNextMajorVersion;
				minimumVersion = 4.5.3;
			};
		};
/* End XCRemoteSwiftPackageReference section */

/* Begin XCSwiftPackageProductDependency section */
		7D1C7BD02FEE8C0500302B3D /* Supabase */ = {
			isa = XCSwiftPackageProductDependency;
			package = 7D269A2C2FEE6A5500610877 /* XCRemoteSwiftPackageReference "supabase-swift" */;
			productName = Supabase;
		};
		7D1C7BD22FEE8C1100302B3D /* Auth */ = {
			isa = XCSwiftPackageProductDependency;
			package = 7D269A2C2FEE6A5500610877 /* XCRemoteSwiftPackageReference "supabase-swift" */;
			productName = Auth;
		};
		7D1C7BD42FEE8C1100302B3D /* Functions */ = {
			isa = XCSwiftPackageProductDependency;
			package = 7D269A2C2FEE6A5500610877 /* XCRemoteSwiftPackageReference "supabase-swift" */;
			productName = Functions;
		};
		7D1C7BD62FEE8C1100302B3D /* PostgREST */ = {
			isa = XCSwiftPackageProductDependency;
			package = 7D269A2C2FEE6A5500610877 /* XCRemoteSwiftPackageReference "supabase-swift" */;
			productName = PostgREST;
		};
		7D1C7BD82FEE8C1100302B3D /* Realtime */ = {
			isa = XCSwiftPackageProductDependency;
			package = 7D269A2C2FEE6A5500610877 /* XCRemoteSwiftPackageReference "supabase-swift" */;
			productName = Realtime;
		};
		7D1C7BDA2FEE8C1100302B3D /* Storage */ = {
			isa = XCSwiftPackageProductDependency;
			package = 7D269A2C2FEE6A5500610877 /* XCRemoteSwiftPackageReference "supabase-swift" */;
			productName = Storage;
		};
		7D9ADA1F302292F1000E24D8 /* DiditSDK */ = {
			isa = XCSwiftPackageProductDependency;
			package = 7D9ADA1C302274DD000E24D8 /* XCRemoteSwiftPackageReference "sdk-ios" */;
			productName = DiditSDK;
		};
/* End XCSwiftPackageProductDependency section */
	};
	rootObject = 000000000000000000000000 /* Project object */;
}
